// !$*UTF8*$!
{
	archiveVersion = 1;
	classes = {
	};
	objectVersion = 77;
	objects = {

/* Begin PBXContainerItemProxy section */
		8DA1BB092DD588FC00EBF442 /* PBXContainerItemProxy */ = {
			isa = PBXContainerItemProxy;
			containerPortal = 8DA1BAF22DD588FC00EBF442 /* Project object */;
			proxyType = 1;
			remoteGlobalIDString = 8DA1BAF92DD588FC00EBF442;
			remoteInfo = GuppybrainGardener;
		};
		8DA1BB132DD588FC00EBF442 /* PBXContainerItemProxy */ = {
			isa = PBXContainerItemProxy;
			containerPortal = 8DA1BAF22DD588FC00EBF442 /* Project object */;
			proxyType = 1;
			remoteGlobalIDString = 8DA1BAF92DD588FC00EBF442;
			remoteInfo = GuppybrainGardener;
		};
/* End PBXContainerItemProxy section */

/* Begin PBXFileReference section */
		8DA1BAFA2DD588FC00EBF442 /* GuppybrainGardener.app */ = {isa = PBXFileReference; explicitFileType = wrapper.application; includeInIndex = 0; path = GuppybrainGardener.app; sourceTree = BUILT_PRODUCTS_DIR; };
		8DA1BB082DD588FC00EBF442 /* GuppybrainGardenerTests.xctest */ = {isa = PBXFileReference; explicitFileType = wrapper.cfbundle; includeInIndex = 0; path = GuppybrainGardenerTests.xctest; sourceTree = BUILT_PRODUCTS_DIR; };
		8DA1BB122DD588FC00EBF442 /* GuppybrainGardenerUITests.xctest */ = {isa = PBXFileReference; explicitFileType = wrapper.cfbundle; includeInIndex = 0; path = GuppybrainGardenerUITests.xctest; sourceTree = BUILT_PRODUCTS_DIR; };
/* End PBXFileReference section */

/* Begin PBXFileSystemSynchronizedRootGroup section */
		8DA1BAFC2DD588FC00EBF442 /* GuppybrainGardener */ = {
			isa = PBXFileSystemSynchronizedRootGroup;
			path = GuppybrainGardener;
			sourceTree = "<group>";
		};
		8DA1BB0B2DD588FC00EBF442 /* GuppybrainGardenerTests */ = {
			isa = PBXFileSystemSynchronizedRootGroup;
			path = GuppybrainGardenerTests;
			sourceTree = "<group>";
		};
		8DA1BB152DD588FC00EBF442 /* GuppybrainGardenerUITests */ = {
			isa = PBXFileSystemSynchronizedRootGroup;
			path = GuppybrainGardenerUITests;
			sourceTree = "<group>";
		};
/* End PBXFileSystemSynchronizedRootGroup section */

/* Begin PBXFrameworksBuildPhase section */
		8DA1BAF72DD588FC00EBF442 /* Frameworks */ = {
			isa = PBXFrameworksBuildPhase;
			buildActionMask = 2147483647;
			files = (
			);
			runOnlyForDeploymentPostprocessing = 0;
		};
		8DA1BB052DD588FC00EBF442 /* Frameworks */ = {
			isa = PBXFrameworksBuildPhase;
			buildActionMask = 2147483647;
			files = (
			);
			runOnlyForDeploymentPostprocessing = 0;
		};
		8DA1BB0F2DD588FC00EBF442 /* Frameworks */ = {
			isa = PBXFrameworksBuildPhase;
			buildActionMask = 2147483647;
			files = (
			);
			runOnlyForDeploymentPostprocessing = 0;
		};
/* End PBXFrameworksBuildPhase section */

/* Begin PBXGroup section */
		8DA1BAF12DD588FC00EBF442 = {
			isa = PBXGroup;
			children = (
				8DA1BAFC2DD588FC00EBF442 /* GuppybrainGardener */,
				8DA1BB0B2DD588FC00EBF442 /* GuppybrainGardenerTests */,
				8DA1BB152DD588FC00EBF442 /* GuppybrainGardenerUITests */,
				8DA1BAFB2DD588FC00EBF442 /* Products */,
			);
			sourceTree = "<group>";
		};
		8DA1BAFB2DD588FC00EBF442 /* Products */ = {
			isa = PBXGroup;
			children = (
				8DA1BAFA2DD588FC00EBF442 /* GuppybrainGardener.app */,
				8DA1BB082DD588FC00EBF442 /* GuppybrainGardenerTests.xctest */,
				8DA1BB122DD588FC00EBF442 /* GuppybrainGardenerUITests.xctest */,
			);
			name = Products;
			sourceTree = "<group>";
		};
/* End PBXGroup section */

/* Begin PBXNativeTarget section */
		8DA1BAF92DD588FC00EBF442 /* GuppybrainGardener */ = {
			isa = PBXNativeTarget;
			buildConfigurationList = 8DA1BB1C2DD588FC00EBF442 /* Build configuration list for PBXNativeTarget "GuppybrainGardener" */;
			buildPhases = (
				8DA1BAF62DD588FC00EBF442 /* Sources */,
				8DA1BAF72DD588FC00EBF442 /* Frameworks */,
				8DA1BAF82DD588FC00EBF442 /* Resources */,
			);
			buildRules = (
			);
			dependencies = (
			);
			fileSystemSynchronizedGroups = (
				8DA1BAFC2DD588FC00EBF442 /* GuppybrainGardener */,
			);
			name = GuppybrainGardener;
			packageProductDependencies = (
			);
			productName = GuppybrainGardener;
			productReference = 8DA1BAFA2DD588FC00EBF442 /* GuppybrainGardener.app */;
			productType = "com.apple.product-type.application";
		};
		8DA1BB072DD588FC00EBF442 /* GuppybrainGardenerTests */ = {
			isa = PBXNativeTarget;
			buildConfigurationList = 8DA1BB1F2DD588FC00EBF442 /* Build configuration list for PBXNativeTarget "GuppybrainGardenerTests" */;
			buildPhases = (
				8DA1BB042DD588FC00EBF442 /* Sources */,
				8DA1BB052DD588FC00EBF442 /* Frameworks */,
				8DA1BB062DD588FC00EBF442 /* Resources */,
			);
			buildRules = (
			);
			dependencies = (
				8DA1BB0A2DD588FC00EBF442 /* PBXTargetDependency */,
			);
			fileSystemSynchronizedGroups = (
				8DA1BB0B2DD588FC00EBF442 /* GuppybrainGardenerTests */,
			);
			name = GuppybrainGardenerTests;
			packageProductDependencies = (
			);
			productName = GuppybrainGardenerTests;
			productReference = 8DA1BB082DD588FC00EBF442 /* GuppybrainGardenerTests.xctest */;
			productType = "com.apple.product-type.bundle.unit-test";
		};
		8DA1BB112DD588FC00EBF442 /* GuppybrainGardenerUITests */ = {
			isa = PBXNativeTarget;
			buildConfigurationList = 8DA1BB222DD588FC00EBF442 /* Build configuration list for PBXNativeTarget "GuppybrainGardenerUITests" */;
			buildPhases = (
				8DA1BB0E2DD588FC00EBF442 /* Sources */,
				8DA1BB0F2DD588FC00EBF442 /* Frameworks */,
				8DA1BB102DD588FC00EBF442 /* Resources */,
			);
			buildRules = (
			);
			dependencies = (
				8DA1BB142DD588FC00EBF442 /* PBXTargetDependency */,
			);
			fileSystemSynchronizedGroups = (
				8DA1BB152DD588FC00EBF442 /* GuppybrainGardenerUITests */,
			);
			name = GuppybrainGardenerUITests;
			packageProductDependencies = (
			);
			productName = GuppybrainGardenerUITests;
			productReference = 8DA1BB122DD588FC00EBF442 /* GuppybrainGardenerUITests.xctest */;
			productType = "com.apple.product-type.bundle.ui-testing";
		};
/* End PBXNativeTarget section */

/* Begin PBXProject section */
		8DA1BAF22DD588FC00EBF442 /* Project object */ = {
			isa = PBXProject;
			attributes = {
				BuildIndependentTargetsInParallel = 1;
				LastSwiftUpdateCheck = 1630;
				LastUpgradeCheck = 1630;
				TargetAttributes = {
					8DA1BAF92DD588FC00EBF442 = {
						CreatedOnToolsVersion = 16.3;
					};
					8DA1BB072DD588FC00EBF442 = {
						CreatedOnToolsVersion = 16.3;
						TestTargetID = 8DA1BAF92DD588FC00EBF442;
					};
					8DA1BB112DD588FC00EBF442 = {
						CreatedOnToolsVersion = 16.3;
						TestTargetID = 8DA1BAF92DD588FC00EBF442;
					};
				};
			};
			buildConfigurationList = 8DA1BAF52DD588FC00EBF442 /* Build configuration list for PBXProject "GuppybrainGardener" */;
			developmentRegion = en;
			hasScannedForEncodings = 0;
			knownRegions = (
				en,
				Base,
			);
			mainGroup = 8DA1BAF12DD588FC00EBF442;
			minimizedProjectReferenceProxies = 1;
			preferredProjectObjectVersion = 77;
			productRefGroup = 8DA1BAFB2DD588FC00EBF442 /* Products */;
			projectDirPath = "";
			projectRoot = "";
			targets = (
				8DA1BAF92DD588FC00EBF442 /* GuppybrainGardener */,
				8DA1BB072DD588FC00EBF442 /* GuppybrainGardenerTests */,
				8DA1BB112DD588FC00EBF442 /* GuppybrainGardenerUITests */,
			);
		};
/* End PBXProject section */

/* Begin PBXResourcesBuildPhase section */
		8DA1BAF82DD588FC00EBF442 /* Resources */ = {
			isa = PBXResourcesBuildPhase;
			buildActionMask = 2147483647;
			files = (
			);
			runOnlyForDeploymentPostprocessing = 0;
		};
		8DA1BB062DD588FC00EBF442 /* Resources */ = {
			isa = PBXResourcesBuildPhase;
			buildActionMask = 2147483647;
			files = (
			);
			runOnlyForDeploymentPostprocessing = 0;
		};
		8DA1BB102DD588FC00EBF442 /* Resources */ = {
			isa = PBXResourcesBuildPhase;
			buildActionMask = 2147483647;
			files = (
			);
			runOnlyForDeploymentPostprocessing = 0;
		};
/* End PBXResourcesBuildPhase section */

/* Begin PBXSourcesBuildPhase section */
		8DA1BAF62DD588FC00EBF442 /* Sources */ = {
			isa = PBXSourcesBuildPhase;
			buildActionMask = 2147483647;
			files = (
			);
			runOnlyForDeploymentPostprocessing = 0;
		};
		8DA1BB042DD588FC00EBF442 /* Sources */ = {
			isa = PBXSourcesBuildPhase;
			buildActionMask = 2147483647;
			files = (
			);
			runOnlyForDeploymentPostprocessing = 0;
		};
		8DA1BB0E2DD588FC00EBF442 /* Sources */ = {
			isa = PBXSourcesBuildPhase;
			buildActionMask = 2147483647;
			files = (
			);
			runOnlyForDeploymentPostprocessing = 0;
		};
/* End PBXSourcesBuildPhase section */

/* Begin PBXTargetDependency section */
		8DA1BB0A2DD588FC00EBF442 /* PBXTargetDependency */ = {
			isa = PBXTargetDependency;
			target = 8DA1BAF92DD588FC00EBF442 /* GuppybrainGardener */;
			targetProxy = 8DA1BB092DD588FC00EBF442 /* PBXContainerItemProxy */;
		};
		8DA1BB142DD588FC00EBF442 /* PBXTargetDependency */ = {
			isa = PBXTargetDependency;
			target = 8DA1BAF92DD588FC00EBF442 /* GuppybrainGardener */;
			targetProxy = 8DA1BB132DD588FC00EBF442 /* PBXContainerItemProxy */;
		};
/* End PBXTargetDependency section */

/* Begin XCBuildConfiguration section */
		8DA1BB1A2DD588FC00EBF442 /* Debug */ = {
			isa = XCBuildConfiguration;
			buildSettings = {
				ALWAYS_SEARCH_USER_PATHS = NO;
				ASSETCATALOG_COMPILER_GENERATE_SWIFT_ASSET_SYMBOL_EXTENSIONS = YES;
				CLANG_ANALYZER_NONNULL = YES;
				CLANG_ANALYZER_NUMBER_OBJECT_CONVERSION = YES_AGGRESSIVE;
				CLANG_CXX_LANGUAGE_STANDARD = "gnu++20";
				CLANG_ENABLE_MODULES = YES;
				CLANG_ENABLE_OBJC_ARC = YES;
				CLANG_ENABLE_OBJC_WEAK = YES;
				CLANG_WARN_BLOCK_CAPTURE_AUTORELEASING = YES;
				CLANG_WARN_BOOL_CONVERSION = YES;
				CLANG_WARN_COMMA = YES;
				CLANG_WARN_CONSTANT_CONVERSION = YES;
				CLANG_WARN_DEPRECATED_OBJC_IMPLEMENTATIONS = YES;
				CLANG_WARN_DIRECT_OBJC_ISA_USAGE = YES_ERROR;
				CLANG_WARN_DOCUMENTATION_COMMENTS = YES;
				CLANG_WARN_EMPTY_BODY = YES;
				CLANG_WARN_ENUM_CONVERSION = YES;
				CLANG_WARN_INFINITE_RECURSION = YES;
				CLANG_WARN_INT_CONVERSION = YES;
				CLANG_WARN_NON_LITERAL_NULL_CONVERSION = YES;
				CLANG_WARN_OBJC_IMPLICIT_RETAIN_SELF = YES;
				CLANG_WARN_OBJC_LITERAL_CONVERSION = YES;
				CLANG_WARN_OBJC_ROOT_CLASS = YES_ERROR;
				CLANG_WARN_QUOTED_INCLUDE_IN_FRAMEWORK_HEADER = YES;
				CLANG_WARN_RANGE_LOOP_ANALYSIS = YES;
				CLANG_WARN_STRICT_PROTOTYPES = YES;
				CLANG_WARN_SUSPICIOUS_MOVE = YES;
				CLANG_WARN_UNGUARDED_AVAILABILITY = YES_AGGRESSIVE;
				CLANG_WARN_UNREACHABLE_CODE = YES;
				CLANG_WARN__DUPLICATE_METHOD_MATCH = YES;
				COPY_PHASE_STRIP = NO;
				DEBUG_INFORMATION_FORMAT = dwarf;
				DEVELOPMENT_TEAM = 3Z8BWG9G9Y;
				ENABLE_STRICT_OBJC_MSGSEND = YES;
				ENABLE_TESTABILITY = YES;
				ENABLE_USER_SCRIPT_SANDBOXING = YES;
				GCC_C_LANGUAGE_STANDARD = gnu17;
				GCC_DYNAMIC_NO_PIC = NO;
				GCC_NO_COMMON_BLOCKS = YES;
				GCC_OPTIMIZATION_LEVEL = 0;
				GCC_PREPROCESSOR_DEFINITIONS = (
					"DEBUG=1",
					"$(inherited)",
				);
				GCC_WARN_64_TO_32_BIT_CONVERSION = YES;
				GCC_WARN_ABOUT_RETURN_TYPE = YES_ERROR;
				GCC_WARN_UNDECLARED_SELECTOR = YES;
				GCC_WARN_UNINITIALIZED_AUTOS = YES_AGGRESSIVE;
				GCC_WARN_UNUSED_FUNCTION = YES;
				GCC_WARN_UNUSED_VARIABLE = YES;
				LOCALIZATION_PREFERS_STRING_CATALOGS = YES;
				MACOSX_DEPLOYMENT_TARGET = 15.4;
				MTL_ENABLE_DEBUG_INFO = INCLUDE_SOURCE;
				MTL_FAST_MATH = YES;
				ONLY_ACTIVE_ARCH = YES;
				SDKROOT = macosx;
				SWIFT_ACTIVE_COMPILATION_CONDITIONS = "DEBUG $(inherited)";
				SWIFT_OPTIMIZATION_LEVEL = "-Onone";
			};
			name = Debug;
		};
		8DA1BB1B2DD588FC00EBF442 /* Release */ = {
			isa = XCBuildConfiguration;
			buildSettings = {
				ALWAYS_SEARCH_USER_PATHS = NO;
				ASSETCATALOG_COMPILER_GENERATE_SWIFT_ASSET_SYMBOL_EXTENSIONS = YES;
				CLANG_ANALYZER_NONNULL = YES;
				CLANG_ANALYZER_NUMBER_OBJECT_CONVERSION = YES_AGGRESSIVE;
				CLANG_CXX_LANGUAGE_STANDARD = "gnu++20";
				CLANG_ENABLE_MODULES = YES;
				CLANG_ENABLE_OBJC_ARC = YES;
				CLANG_ENABLE_OBJC_WEAK = YES;
				CLANG_WARN_BLOCK_CAPTURE_AUTORELEASING = YES;
				CLANG_WARN_BOOL_CONVERSION = YES;
				CLANG_WARN_COMMA = YES;
				CLANG_WARN_CONSTANT_CONVERSION = YES;
				CLANG_WARN_DEPRECATED_OBJC_IMPLEMENTATIONS = YES;
				CLANG_WARN_DIRECT_OBJC_ISA_USAGE = YES_ERROR;
				CLANG_WARN_DOCUMENTATION_COMMENTS = YES;
				CLANG_WARN_EMPTY_BODY = YES;
				CLANG_WARN_ENUM_CONVERSION = YES;
				CLANG_WARN_INFINITE_RECURSION = YES;
				CLANG_WARN_INT_CONVERSION = YES;
				CLANG_WARN_NON_LITERAL_NULL_CONVERSION = YES;
				CLANG_WARN_OBJC_IMPLICIT_RETAIN_SELF = YES;
				CLANG_WARN_OBJC_LITERAL_CONVERSION = YES;
				CLANG_WARN_OBJC_ROOT_CLASS = YES_ERROR;
				CLANG_WARN_QUOTED_INCLUDE_IN_FRAMEWORK_HEADER = YES;
				CLANG_WARN_RANGE_LOOP_ANALYSIS = YES;
				CLANG_WARN_STRICT_PROTOTYPES = YES;
				CLANG_WARN_SUSPICIOUS_MOVE = YES;
				CLANG_WARN_UNGUARDED_AVAILABILITY = YES_AGGRESSIVE;
				CLANG_WARN_UNREACHABLE_CODE = YES;
				CLANG_WARN__DUPLICATE_METHOD_MATCH = YES;
				COPY_PHASE_STRIP = NO;
				DEBUG_INFORMATION_FORMAT = "dwarf-with-dsym";
				DEVELOPMENT_TEAM = 3Z8BWG9G9Y;
				ENABLE_NS_ASSERTIONS = NO;
				ENABLE_STRICT_OBJC_MSGSEND = YES;
				ENABLE_USER_SCRIPT_SANDBOXING = YES;
				GCC_C_LANGUAGE_STANDARD = gnu17;
				GCC_NO_COMMON_BLOCKS = YES;
				GCC_WARN_64_TO_32_BIT_CONVERSION = YES;
				GCC_WARN_ABOUT_RETURN_TYPE = YES_ERROR;
				GCC_WARN_UNDECLARED_SELECTOR = YES;
				GCC_WARN_UNINITIALIZED_AUTOS = YES_AGGRESSIVE;
				GCC_WARN_UNUSED_FUNCTION = YES;
				GCC_WARN_UNUSED_VARIABLE = YES;
				LOCALIZATION_PREFERS_STRING_CATALOGS = YES;
				MACOSX_DEPLOYMENT_TARGET = 15.4;
				MTL_ENABLE_DEBUG_INFO = NO;
				MTL_FAST_MATH = YES;
				SDKROOT = macosx;
				SWIFT_COMPILATION_MODE = wholemodule;
			};
			name = Release;
		};
		8DA1BB1D2DD588FC00EBF442 /* Debug */ = {
			isa = XCBuildConfiguration;
			buildSettings = {
				ASSETCATALOG_COMPILER_APPICON_NAME = AppIcon;
				ASSETCATALOG_COMPILER_GLOBAL_ACCENT_COLOR_NAME = AccentColor;
				CODE_SIGN_ENTITLEMENTS = GuppybrainGardener/GuppybrainGardener.entitlements;
				CODE_SIGN_STYLE = Automatic;
				COMBINE_HIDPI_IMAGES = YES;
				CURRENT_PROJECT_VERSION = 1;
				DEVELOPMENT_TEAM = 3Z8BWG9G9Y;
				ENABLE_HARDENED_RUNTIME = YES;
				ENABLE_PREVIEWS = YES;
				GENERATE_INFOPLIST_FILE = YES;
				INFOPLIST_KEY_NSHumanReadableCopyright = "";
				LD_RUNPATH_SEARCH_PATHS = (
					"$(inherited)",
					"@executable_path/../Frameworks",
				);
				MARKETING_VERSION = 1.0;
				PRODUCT_BUNDLE_IDENTIFIER = com.armaangupta57.GuppybrainGardener;
				PRODUCT_NAME = "$(TARGET_NAME)";
				REGISTER_APP_GROUPS = YES;
				SWIFT_EMIT_LOC_STRINGS = YES;
				SWIFT_VERSION = 5.0;
			};
			name = Debug;
		};
		8DA1BB1E2DD588FC00EBF442 /* Release */ = {
			isa = XCBuildConfiguration;
			buildSettings = {
				ASSETCATALOG_COMPILER_APPICON_NAME = AppIcon;
				ASSETCATALOG_COMPILER_GLOBAL_ACCENT_COLOR_NAME = AccentColor;
				CODE_SIGN_ENTITLEMENTS = GuppybrainGardener/GuppybrainGardener.entitlements;
				CODE_SIGN_STYLE = Automatic;
				COMBINE_HIDPI_IMAGES = YES;
				CURRENT_PROJECT_VERSION = 1;
				DEVELOPMENT_TEAM = 3Z8BWG9G9Y;
				ENABLE_HARDENED_RUNTIME = YES;
				ENABLE_PREVIEWS = YES;
				GENERATE_INFOPLIST_FILE = YES;
				INFOPLIST_KEY_NSHumanReadableCopyright = "";
				LD_RUNPATH_SEARCH_PATHS = (
					"$(inherited)",
					"@executable_path/../Frameworks",
				);
				MARKETING_VERSION = 1.0;
				PRODUCT_BUNDLE_IDENTIFIER = com.armaangupta57.GuppybrainGardener;
				PRODUCT_NAME = "$(TARGET_NAME)";
				REGISTER_APP_GROUPS = YES;
				SWIFT_EMIT_LOC_STRINGS = YES;
				SWIFT_VERSION = 5.0;
			};
			name = Release;
		};
		8DA1BB202DD588FC00EBF442 /* Debug */ = {
			isa = XCBuildConfiguration;
			buildSettings = {
				BUNDLE_LOADER = "$(TEST_HOST)";
				CODE_SIGN_STYLE = Automatic;
				CURRENT_PROJECT_VERSION = 1;
				DEVELOPMENT_TEAM = 3Z8BWG9G9Y;
				GENERATE_INFOPLIST_FILE = YES;
				MACOSX_DEPLOYMENT_TARGET = 15.4;
				MARKETING_VERSION = 1.0;
				PRODUCT_BUNDLE_IDENTIFIER = com.armaangupta57.GuppybrainGardenerTests;
				PRODUCT_NAME = "$(TARGET_NAME)";
				SWIFT_EMIT_LOC_STRINGS = NO;
				SWIFT_VERSION = 5.0;
				TEST_HOST = "$(BUILT_PRODUCTS_DIR)/GuppybrainGardener.app/$(BUNDLE_EXECUTABLE_FOLDER_PATH)/GuppybrainGardener";
			};
			name = Debug;
		};
		8DA1BB212DD588FC00EBF442 /* Release */ = {
			isa = XCBuildConfiguration;
			buildSettings = {
				BUNDLE_LOADER = "$(TEST_HOST)";
				CODE_SIGN_STYLE = Automatic;
				CURRENT_PROJECT_VERSION = 1;
				DEVELOPMENT_TEAM = 3Z8BWG9G9Y;
				GENERATE_INFOPLIST_FILE = YES;
				MACOSX_DEPLOYMENT_TARGET = 15.4;
				MARKETING_VERSION = 1.0;
				PRODUCT_BUNDLE_IDENTIFIER = com.armaangupta57.GuppybrainGardenerTests;
				PRODUCT_NAME = "$(TARGET_NAME)";
				SWIFT_EMIT_LOC_STRINGS = NO;
				SWIFT_VERSION = 5.0;
				TEST_HOST = "$(BUILT_PRODUCTS_DIR)/GuppybrainGardener.app/$(BUNDLE_EXECUTABLE_FOLDER_PATH)/GuppybrainGardener";
			};
			name = Release;
		};
		8DA1BB232DD588FC00EBF442 /* Debug */ = {
			isa = XCBuildConfiguration;
			buildSettings = {
				CODE_SIGN_STYLE = Automatic;
				CURRENT_PROJECT_VERSION = 1;
				DEVELOPMENT_TEAM = 3Z8BWG9G9Y;
				GENERATE_INFOPLIST_FILE = YES;
				MARKETING_VERSION = 1.0;
				PRODUCT_BUNDLE_IDENTIFIER = com.armaangupta57.GuppybrainGardenerUITests;
				PRODUCT_NAME = "$(TARGET_NAME)";
				SWIFT_EMIT_LOC_STRINGS = NO;
				SWIFT_VERSION = 5.0;
				TEST_TARGET_NAME = GuppybrainGardener;
			};
			name = Debug;
		};
		8DA1BB242DD588FC00EBF442 /* Release */ = {
			isa = XCBuildConfiguration;
			buildSettings = {
				CODE_SIGN_STYLE = Automatic;
				CURRENT_PROJECT_VERSION = 1;
				DEVELOPMENT_TEAM = 3Z8BWG9G9Y;
				GENERATE_INFOPLIST_FILE = YES;
				MARKETING_VERSION = 1.0;
				PRODUCT_BUNDLE_IDENTIFIER = com.armaangupta57.GuppybrainGardenerUITests;
				PRODUCT_NAME = "$(TARGET_NAME)";
				SWIFT_EMIT_LOC_STRINGS = NO;
				SWIFT_VERSION = 5.0;
				TEST_TARGET_NAME = GuppybrainGardener;
			};
			name = Release;
		};
/* End XCBuildConfiguration section */

/* Begin XCConfigurationList section */
		8DA1BAF52DD588FC00EBF442 /* Build configuration list for PBXProject "GuppybrainGardener" */ = {
			isa = XCConfigurationList;
			buildConfigurations = (
				8DA1BB1A2DD588FC00EBF442 /* Debug */,
				8DA1BB1B2DD588FC00EBF442 /* Release */,
			);
			defaultConfigurationIsVisible = 0;
			defaultConfigurationName = Release;
		};
		8DA1BB1C2DD588FC00EBF442 /* Build configuration list for PBXNativeTarget "GuppybrainGardener" */ = {
			isa = XCConfigurationList;
			buildConfigurations = (
				8DA1BB1D2DD588FC00EBF442 /* Debug */,
				8DA1BB1E2DD588FC00EBF442 /* Release */,
			);
			defaultConfigurationIsVisible = 0;
			defaultConfigurationName = Release;
		};
		8DA1BB1F2DD588FC00EBF442 /* Build configuration list for PBXNativeTarget "GuppybrainGardenerTests" */ = {
			isa = XCConfigurationList;
			buildConfigurations = (
				8DA1BB202DD588FC00EBF442 /* Debug */,
				8DA1BB212DD588FC00EBF442 /* Release */,
			);
			defaultConfigurationIsVisible = 0;
			defaultConfigurationName = Release;
		};
		8DA1BB222DD588FC00EBF442 /* Build configuration list for PBXNativeTarget "GuppybrainGardenerUITests" */ = {
			isa = XCConfigurationList;
			buildConfigurations = (
				8DA1BB232DD588FC00EBF442 /* Debug */,
				8DA1BB242DD588FC00EBF442 /* Release */,
			);
			defaultConfigurationIsVisible = 0;
			defaultConfigurationName = Release;
		};
/* End XCConfigurationList section */
	};
	rootObject = 8DA1BAF22DD588FC00EBF442 /* Project object */;
}
